// !$*UTF8*$!
{
	archiveVersion = 1;
	classes = {
	};
	objectVersion = 56;
	objects = {

/* Begin PBXBuildFile section */
		673B2A9E2A3E59B500E3F2D6 /* Recipe_FinderApp.swift in Sources */ = {isa = PBXBuildFile; fileRef = 673B2A9D2A3E59B500E3F2D6 /* Recipe_FinderApp.swift */; };
		673B2AA02A3E59B500E3F2D6 /* SearchView.swift in Sources */ = {isa = PBXBuildFile; fileRef = 673B2A9F2A3E59B500E3F2D6 /* SearchView.swift */; };
		673B2AA22A3E59B600E3F2D6 /* Assets.xcassets in Resources */ = {isa = PBXBuildFile; fileRef = 673B2AA12A3E59B600E3F2D6 /* Assets.xcassets */; };
		673B2AA52A3E59B600E3F2D6 /* Preview Assets.xcassets in Resources */ = {isa = PBXBuildFile; fileRef = 673B2AA42A3E59B600E3F2D6 /* Preview Assets.xcassets */; };
		673B2AAF2A3E59B600E3F2D6 /* Recipe_FinderTests.swift in Sources */ = {isa = PBXBuildFile; fileRef = 673B2AAE2A3E59B600E3F2D6 /* Recipe_FinderTests.swift */; };
		673B2AB92A3E59B600E3F2D6 /* Recipe_FinderUITests.swift in Sources */ = {isa = PBXBuildFile; fileRef = 673B2AB82A3E59B600E3F2D6 /* Recipe_FinderUITests.swift */; };
		673B2ABB2A3E59B600E3F2D6 /* Recipe_FinderUITestsLaunchTests.swift in Sources */ = {isa = PBXBuildFile; fileRef = 673B2ABA2A3E59B600E3F2D6 /* Recipe_FinderUITestsLaunchTests.swift */; };
		673B2AC82A3E606800E3F2D6 /* FavouritesView.swift in Sources */ = {isa = PBXBuildFile; fileRef = 673B2AC72A3E606800E3F2D6 /* FavouritesView.swift */; };
		673B2ACA2A3E608B00E3F2D6 /* RecentView.swift in Sources */ = {isa = PBXBuildFile; fileRef = 673B2AC92A3E608B00E3F2D6 /* RecentView.swift */; };
		673B2ACC2A3E60A700E3F2D6 /* FoundedRecipesView.swift in Sources */ = {isa = PBXBuildFile; fileRef = 673B2ACB2A3E60A700E3F2D6 /* FoundedRecipesView.swift */; };
		674CE2C02A4C97740044A070 /* UITestingSearchView_UITests.swift in Sources */ = {isa = PBXBuildFile; fileRef = 674CE2BF2A4C97740044A070 /* UITestingSearchView_UITests.swift */; };
		676A6F7E2A3F4D1500981024 /* RecipeDetailsView.swift in Sources */ = {isa = PBXBuildFile; fileRef = 676A6F7D2A3F4D1500981024 /* RecipeDetailsView.swift */; };
		678C20252A486BB800789E0C /* RecentRecipesModel.swift in Sources */ = {isa = PBXBuildFile; fileRef = 678C20242A486BB800789E0C /* RecentRecipesModel.swift */; };
		67CCD7CB2A4F02AD003F7605 /* UITestingFavouritesView_UITests.swift in Sources */ = {isa = PBXBuildFile; fileRef = 67CCD7CA2A4F02AD003F7605 /* UITestingFavouritesView_UITests.swift */; };
		67F9A9132A3F60BE0066CA2A /* RecipesModel.swift in Sources */ = {isa = PBXBuildFile; fileRef = 67F9A9122A3F60BE0066CA2A /* RecipesModel.swift */; };
		67F9A9152A3F69710066CA2A /* RecipeCellView.swift in Sources */ = {isa = PBXBuildFile; fileRef = 67F9A9142A3F69710066CA2A /* RecipeCellView.swift */; };
		67F9A92A2A4637B40066CA2A /* RecipeStorageManager.swift in Sources */ = {isa = PBXBuildFile; fileRef = 67F9A9292A4637B40066CA2A /* RecipeStorageManager.swift */; };
		67F9A92F2A46F85B0066CA2A /* FavouriteRecipesModel.swift in Sources */ = {isa = PBXBuildFile; fileRef = 67F9A92E2A46F85B0066CA2A /* FavouriteRecipesModel.swift */; };
/* End PBXBuildFile section */

/* Begin PBXContainerItemProxy section */
		673B2AAB2A3E59B600E3F2D6 /* PBXContainerItemProxy */ = {
			isa = PBXContainerItemProxy;
			containerPortal = 673B2A922A3E59B500E3F2D6 /* Project object */;
			proxyType = 1;
			remoteGlobalIDString = 673B2A992A3E59B500E3F2D6;
			remoteInfo = "Recipe Finder";
		};
		673B2AB52A3E59B600E3F2D6 /* PBXContainerItemProxy */ = {
			isa = PBXContainerItemProxy;
			containerPortal = 673B2A922A3E59B500E3F2D6 /* Project object */;
			proxyType = 1;
			remoteGlobalIDString = 673B2A992A3E59B500E3F2D6;
			remoteInfo = "Recipe Finder";
		};
/* End PBXContainerItemProxy section */

/* Begin PBXFileReference section */
		673B2A9A2A3E59B500E3F2D6 /* Recipe Finder.app */ = {isa = PBXFileReference; explicitFileType = wrapper.application; includeInIndex = 0; path = "Recipe Finder.app"; sourceTree = BUILT_PRODUCTS_DIR; };
		673B2A9D2A3E59B500E3F2D6 /* Recipe_FinderApp.swift */ = {isa = PBXFileReference; lastKnownFileType = sourcecode.swift; path = Recipe_FinderApp.swift; sourceTree = "<group>"; };
		673B2A9F2A3E59B500E3F2D6 /* SearchView.swift */ = {isa = PBXFileReference; lastKnownFileType = sourcecode.swift; path = SearchView.swift; sourceTree = "<group>"; };
		673B2AA12A3E59B600E3F2D6 /* Assets.xcassets */ = {isa = PBXFileReference; lastKnownFileType = folder.assetcatalog; path = Assets.xcassets; sourceTree = "<group>"; };
		673B2AA42A3E59B600E3F2D6 /* Preview Assets.xcassets */ = {isa = PBXFileReference; lastKnownFileType = folder.assetcatalog; path = "Preview Assets.xcassets"; sourceTree = "<group>"; };
		673B2AAA2A3E59B600E3F2D6 /* Recipe FinderTests.xctest */ = {isa = PBXFileReference; explicitFileType = wrapper.cfbundle; includeInIndex = 0; path = "Recipe FinderTests.xctest"; sourceTree = BUILT_PRODUCTS_DIR; };
		673B2AAE2A3E59B600E3F2D6 /* Recipe_FinderTests.swift */ = {isa = PBXFileReference; lastKnownFileType = sourcecode.swift; path = Recipe_FinderTests.swift; sourceTree = "<group>"; };
		673B2AB42A3E59B600E3F2D6 /* Recipe FinderUITests.xctest */ = {isa = PBXFileReference; explicitFileType = wrapper.cfbundle; includeInIndex = 0; path = "Recipe FinderUITests.xctest"; sourceTree = BUILT_PRODUCTS_DIR; };
		673B2AB82A3E59B600E3F2D6 /* Recipe_FinderUITests.swift */ = {isa = PBXFileReference; lastKnownFileType = sourcecode.swift; path = Recipe_FinderUITests.swift; sourceTree = "<group>"; };
		673B2ABA2A3E59B600E3F2D6 /* Recipe_FinderUITestsLaunchTests.swift */ = {isa = PBXFileReference; lastKnownFileType = sourcecode.swift; path = Recipe_FinderUITestsLaunchTests.swift; sourceTree = "<group>"; };
		673B2AC72A3E606800E3F2D6 /* FavouritesView.swift */ = {isa = PBXFileReference; lastKnownFileType = sourcecode.swift; path = FavouritesView.swift; sourceTree = "<group>"; };
		673B2AC92A3E608B00E3F2D6 /* RecentView.swift */ = {isa = PBXFileReference; lastKnownFileType = sourcecode.swift; path = RecentView.swift; sourceTree = "<group>"; };
		673B2ACB2A3E60A700E3F2D6 /* FoundedRecipesView.swift */ = {isa = PBXFileReference; lastKnownFileType = sourcecode.swift; path = FoundedRecipesView.swift; sourceTree = "<group>"; };
		674CE2BF2A4C97740044A070 /* UITestingSearchView_UITests.swift */ = {isa = PBXFileReference; lastKnownFileType = sourcecode.swift; path = UITestingSearchView_UITests.swift; sourceTree = "<group>"; };
		676A6F7D2A3F4D1500981024 /* RecipeDetailsView.swift */ = {isa = PBXFileReference; lastKnownFileType = sourcecode.swift; path = RecipeDetailsView.swift; sourceTree = "<group>"; };
		678C20242A486BB800789E0C /* RecentRecipesModel.swift */ = {isa = PBXFileReference; lastKnownFileType = sourcecode.swift; path = RecentRecipesModel.swift; sourceTree = "<group>"; };
		67CCD7CA2A4F02AD003F7605 /* UITestingFavouritesView_UITests.swift */ = {isa = PBXFileReference; lastKnownFileType = sourcecode.swift; path = UITestingFavouritesView_UITests.swift; sourceTree = "<group>"; };
		67F9A9122A3F60BE0066CA2A /* RecipesModel.swift */ = {isa = PBXFileReference; lastKnownFileType = sourcecode.swift; path = RecipesModel.swift; sourceTree = "<group>"; };
		67F9A9142A3F69710066CA2A /* RecipeCellView.swift */ = {isa = PBXFileReference; lastKnownFileType = sourcecode.swift; path = RecipeCellView.swift; sourceTree = "<group>"; };
		67F9A9292A4637B40066CA2A /* RecipeStorageManager.swift */ = {isa = PBXFileReference; lastKnownFileType = sourcecode.swift; path = RecipeStorageManager.swift; sourceTree = "<group>"; };
		67F9A92E2A46F85B0066CA2A /* FavouriteRecipesModel.swift */ = {isa = PBXFileReference; lastKnownFileType = sourcecode.swift; path = FavouriteRecipesModel.swift; sourceTree = "<group>"; };
/* End PBXFileReference section */

/* Begin PBXFrameworksBuildPhase section */
		673B2A972A3E59B500E3F2D6 /* Frameworks */ = {
			isa = PBXFrameworksBuildPhase;
			buildActionMask = 2147483647;
			files = (
			);
			runOnlyForDeploymentPostprocessing = 0;
		};
		673B2AA72A3E59B600E3F2D6 /* Frameworks */ = {
			isa = PBXFrameworksBuildPhase;
			buildActionMask = 2147483647;
			files = (
			);
			runOnlyForDeploymentPostprocessing = 0;
		};
		673B2AB12A3E59B600E3F2D6 /* Frameworks */ = {
			isa = PBXFrameworksBuildPhase;
			buildActionMask = 2147483647;
			files = (
			);
			runOnlyForDeploymentPostprocessing = 0;
		};
/* End PBXFrameworksBuildPhase section */

/* Begin PBXGroup section */
		673B2A912A3E59B500E3F2D6 = {
			isa = PBXGroup;
			children = (
				673B2A9C2A3E59B500E3F2D6 /* Recipe Finder */,
				673B2AAD2A3E59B600E3F2D6 /* Recipe FinderTests */,
				673B2AB72A3E59B600E3F2D6 /* Recipe FinderUITests */,
				673B2A9B2A3E59B500E3F2D6 /* Products */,
			);
			sourceTree = "<group>";
		};
		673B2A9B2A3E59B500E3F2D6 /* Products */ = {
			isa = PBXGroup;
			children = (
				673B2A9A2A3E59B500E3F2D6 /* Recipe Finder.app */,
				673B2AAA2A3E59B600E3F2D6 /* Recipe FinderTests.xctest */,
				673B2AB42A3E59B600E3F2D6 /* Recipe FinderUITests.xctest */,
			);
			name = Products;
			sourceTree = "<group>";
		};
		673B2A9C2A3E59B500E3F2D6 /* Recipe Finder */ = {
			isa = PBXGroup;
			children = (
				673B2A9D2A3E59B500E3F2D6 /* Recipe_FinderApp.swift */,
				67F9A92B2A46F4750066CA2A /* RecipesManager */,
				67F9A92C2A46F4B50066CA2A /* TabsViews */,
				67F9A92D2A46F62C0066CA2A /* AdditionalViews */,
				673B2AA12A3E59B600E3F2D6 /* Assets.xcassets */,
				673B2AA32A3E59B600E3F2D6 /* Preview Content */,
			);
			path = "Recipe Finder";
			sourceTree = "<group>";
		};
		673B2AA32A3E59B600E3F2D6 /* Preview Content */ = {
			isa = PBXGroup;
			children = (
				673B2AA42A3E59B600E3F2D6 /* Preview Assets.xcassets */,
			);
			path = "Preview Content";
			sourceTree = "<group>";
		};
		673B2AAD2A3E59B600E3F2D6 /* Recipe FinderTests */ = {
			isa = PBXGroup;
			children = (
				673B2AAE2A3E59B600E3F2D6 /* Recipe_FinderTests.swift */,
			);
			path = "Recipe FinderTests";
			sourceTree = "<group>";
		};
		673B2AB72A3E59B600E3F2D6 /* Recipe FinderUITests */ = {
			isa = PBXGroup;
			children = (
				673B2AB82A3E59B600E3F2D6 /* Recipe_FinderUITests.swift */,
				674CE2BF2A4C97740044A070 /* UITestingSearchView_UITests.swift */,
				67CCD7CA2A4F02AD003F7605 /* UITestingFavouritesView_UITests.swift */,
				673B2ABA2A3E59B600E3F2D6 /* Recipe_FinderUITestsLaunchTests.swift */,
			);
			path = "Recipe FinderUITests";
			sourceTree = "<group>";
		};
		67F9A92B2A46F4750066CA2A /* RecipesManager */ = {
			isa = PBXGroup;
			children = (
				67F9A9292A4637B40066CA2A /* RecipeStorageManager.swift */,
				67F9A9122A3F60BE0066CA2A /* RecipesModel.swift */,
				67F9A92E2A46F85B0066CA2A /* FavouriteRecipesModel.swift */,
				678C20242A486BB800789E0C /* RecentRecipesModel.swift */,
			);
			path = RecipesManager;
			sourceTree = "<group>";
		};
		67F9A92C2A46F4B50066CA2A /* TabsViews */ = {
			isa = PBXGroup;
			children = (
				673B2A9F2A3E59B500E3F2D6 /* SearchView.swift */,
				673B2AC72A3E606800E3F2D6 /* FavouritesView.swift */,
				673B2AC92A3E608B00E3F2D6 /* RecentView.swift */,
			);
			path = TabsViews;
			sourceTree = "<group>";
		};
		67F9A92D2A46F62C0066CA2A /* AdditionalViews */ = {
			isa = PBXGroup;
			children = (
				673B2ACB2A3E60A700E3F2D6 /* FoundedRecipesView.swift */,
				676A6F7D2A3F4D1500981024 /* RecipeDetailsView.swift */,
				67F9A9142A3F69710066CA2A /* RecipeCellView.swift */,
			);
			path = AdditionalViews;
			sourceTree = "<group>";
		};
/* End PBXGroup section */

/* Begin PBXNativeTarget section */
		673B2A992A3E59B500E3F2D6 /* Recipe Finder */ = {
			isa = PBXNativeTarget;
			buildConfigurationList = 673B2ABE2A3E59B600E3F2D6 /* Build configuration list for PBXNativeTarget "Recipe Finder" */;
			buildPhases = (
				673B2A962A3E59B500E3F2D6 /* Sources */,
				673B2A972A3E59B500E3F2D6 /* Frameworks */,
				673B2A982A3E59B500E3F2D6 /* Resources */,
			);
			buildRules = (
			);
			dependencies = (
			);
			name = "Recipe Finder";
			productName = "Recipe Finder";
			productReference = 673B2A9A2A3E59B500E3F2D6 /* Recipe Finder.app */;
			productType = "com.apple.product-type.application";
		};
		673B2AA92A3E59B600E3F2D6 /* Recipe FinderTests */ = {
			isa = PBXNativeTarget;
			buildConfigurationList = 673B2AC12A3E59B600E3F2D6 /* Build configuration list for PBXNativeTarget "Recipe FinderTests" */;
			buildPhases = (
				673B2AA62A3E59B600E3F2D6 /* Sources */,
				673B2AA72A3E59B600E3F2D6 /* Frameworks */,
				673B2AA82A3E59B600E3F2D6 /* Resources */,
			);
			buildRules = (
			);
			dependencies = (
				673B2AAC2A3E59B600E3F2D6 /* PBXTargetDependency */,
			);
			name = "Recipe FinderTests";
			productName = "Recipe FinderTests";
			productReference = 673B2AAA2A3E59B600E3F2D6 /* Recipe FinderTests.xctest */;
			productType = "com.apple.product-type.bundle.unit-test";
		};
		673B2AB32A3E59B600E3F2D6 /* Recipe FinderUITests */ = {
			isa = PBXNativeTarget;
			buildConfigurationList = 673B2AC42A3E59B600E3F2D6 /* Build configuration list for PBXNativeTarget "Recipe FinderUITests" */;
			buildPhases = (
				673B2AB02A3E59B600E3F2D6 /* Sources */,
				673B2AB12A3E59B600E3F2D6 /* Frameworks */,
				673B2AB22A3E59B600E3F2D6 /* Resources */,
			);
			buildRules = (
			);
			dependencies = (
				673B2AB62A3E59B600E3F2D6 /* PBXTargetDependency */,
			);
			name = "Recipe FinderUITests";
			productName = "Recipe FinderUITests";
			productReference = 673B2AB42A3E59B600E3F2D6 /* Recipe FinderUITests.xctest */;
			productType = "com.apple.product-type.bundle.ui-testing";
		};
/* End PBXNativeTarget section */

/* Begin PBXProject section */
		673B2A922A3E59B500E3F2D6 /* Project object */ = {
			isa = PBXProject;
			attributes = {
				BuildIndependentTargetsInParallel = 1;
				LastSwiftUpdateCheck = 1430;
				LastUpgradeCheck = 1430;
				TargetAttributes = {
					673B2A992A3E59B500E3F2D6 = {
						CreatedOnToolsVersion = 14.3.1;
					};
					673B2AA92A3E59B600E3F2D6 = {
						CreatedOnToolsVersion = 14.3.1;
						TestTargetID = 673B2A992A3E59B500E3F2D6;
					};
					673B2AB32A3E59B600E3F2D6 = {
						CreatedOnToolsVersion = 14.3.1;
						TestTargetID = 673B2A992A3E59B500E3F2D6;
					};
				};
			};
			buildConfigurationList = 673B2A952A3E59B500E3F2D6 /* Build configuration list for PBXProject "Recipe Finder" */;
			compatibilityVersion = "Xcode 14.0";
			developmentRegion = en;
			hasScannedForEncodings = 0;
			knownRegions = (
				en,
				Base,
			);
			mainGroup = 673B2A912A3E59B500E3F2D6;
			productRefGroup = 673B2A9B2A3E59B500E3F2D6 /* Products */;
			projectDirPath = "";
			projectRoot = "";
			targets = (
				673B2A992A3E59B500E3F2D6 /* Recipe Finder */,
				673B2AA92A3E59B600E3F2D6 /* Recipe FinderTests */,
				673B2AB32A3E59B600E3F2D6 /* Recipe FinderUITests */,
			);
		};
/* End PBXProject section */

/* Begin PBXResourcesBuildPhase section */
		673B2A982A3E59B500E3F2D6 /* Resources */ = {
			isa = PBXResourcesBuildPhase;
			buildActionMask = 2147483647;
			files = (
				673B2AA52A3E59B600E3F2D6 /* Preview Assets.xcassets in Resources */,
				673B2AA22A3E59B600E3F2D6 /* Assets.xcassets in Resources */,
			);
			runOnlyForDeploymentPostprocessing = 0;
		};
		673B2AA82A3E59B600E3F2D6 /* Resources */ = {
			isa = PBXResourcesBuildPhase;
			buildActionMask = 2147483647;
			files = (
			);
			runOnlyForDeploymentPostprocessing = 0;
		};
		673B2AB22A3E59B600E3F2D6 /* Resources */ = {
			isa = PBXResourcesBuildPhase;
			buildActionMask = 2147483647;
			files = (
			);
			runOnlyForDeploymentPostprocessing = 0;
		};
/* End PBXResourcesBuildPhase section */

/* Begin PBXSourcesBuildPhase section */
		673B2A962A3E59B500E3F2D6 /* Sources */ = {
			isa = PBXSourcesBuildPhase;
			buildActionMask = 2147483647;
			files = (
				67F9A92A2A4637B40066CA2A /* RecipeStorageManager.swift in Sources */,
				673B2AA02A3E59B500E3F2D6 /* SearchView.swift in Sources */,
				678C20252A486BB800789E0C /* RecentRecipesModel.swift in Sources */,
				67F9A9132A3F60BE0066CA2A /* RecipesModel.swift in Sources */,
				67F9A9152A3F69710066CA2A /* RecipeCellView.swift in Sources */,
				676A6F7E2A3F4D1500981024 /* RecipeDetailsView.swift in Sources */,
				673B2ACC2A3E60A700E3F2D6 /* FoundedRecipesView.swift in Sources */,
				67F9A92F2A46F85B0066CA2A /* FavouriteRecipesModel.swift in Sources */,
				673B2AC82A3E606800E3F2D6 /* FavouritesView.swift in Sources */,
				673B2A9E2A3E59B500E3F2D6 /* Recipe_FinderApp.swift in Sources */,
				673B2ACA2A3E608B00E3F2D6 /* RecentView.swift in Sources */,
			);
			runOnlyForDeploymentPostprocessing = 0;
		};
		673B2AA62A3E59B600E3F2D6 /* Sources */ = {
			isa = PBXSourcesBuildPhase;
			buildActionMask = 2147483647;
			files = (
				673B2AAF2A3E59B600E3F2D6 /* Recipe_FinderTests.swift in Sources */,
			);
			runOnlyForDeploymentPostprocessing = 0;
		};
		673B2AB02A3E59B600E3F2D6 /* Sources */ = {
			isa = PBXSourcesBuildPhase;
			buildActionMask = 2147483647;
			files = (
				674CE2C02A4C97740044A070 /* UITestingSearchView_UITests.swift in Sources */,
				673B2ABB2A3E59B600E3F2D6 /* Recipe_FinderUITestsLaunchTests.swift in Sources */,
				673B2AB92A3E59B600E3F2D6 /* Recipe_FinderUITests.swift in Sources */,
				67CCD7CB2A4F02AD003F7605 /* UITestingFavouritesView_UITests.swift in Sources */,
			);
			runOnlyForDeploymentPostprocessing = 0;
		};
/* End PBXSourcesBuildPhase section */

/* Begin PBXTargetDependency section */
		673B2AAC2A3E59B600E3F2D6 /* PBXTargetDependency */ = {
			isa = PBXTargetDependency;
			target = 673B2A992A3E59B500E3F2D6 /* Recipe Finder */;
			targetProxy = 673B2AAB2A3E59B600E3F2D6 /* PBXContainerItemProxy */;
		};
		673B2AB62A3E59B600E3F2D6 /* PBXTargetDependency */ = {
			isa = PBXTargetDependency;
			target = 673B2A992A3E59B500E3F2D6 /* Recipe Finder */;
			targetProxy = 673B2AB52A3E59B600E3F2D6 /* PBXContainerItemProxy */;
		};
/* End PBXTargetDependency section */

/* Begin XCBuildConfiguration section */
		673B2ABC2A3E59B600E3F2D6 /* Debug */ = {
			isa = XCBuildConfiguration;
			buildSettings = {
				ALWAYS_SEARCH_USER_PATHS = NO;
				CLANG_ANALYZER_NONNULL = YES;
				CLANG_ANALYZER_NUMBER_OBJECT_CONVERSION = YES_AGGRESSIVE;
				CLANG_CXX_LANGUAGE_STANDARD = "gnu++20";
				CLANG_ENABLE_MODULES = YES;
				CLANG_ENABLE_OBJC_ARC = YES;
				CLANG_ENABLE_OBJC_WEAK = YES;
				CLANG_WARN_BLOCK_CAPTURE_AUTORELEASING = YES;
				CLANG_WARN_BOOL_CONVERSION = YES;
				CLANG_WARN_COMMA = YES;
				CLANG_WARN_CONSTANT_CONVERSION = YES;
				CLANG_WARN_DEPRECATED_OBJC_IMPLEMENTATIONS = YES;
				CLANG_WARN_DIRECT_OBJC_ISA_USAGE = YES_ERROR;
				CLANG_WARN_DOCUMENTATION_COMMENTS = YES;
				CLANG_WARN_EMPTY_BODY = YES;
				CLANG_WARN_ENUM_CONVERSION = YES;
				CLANG_WARN_INFINITE_RECURSION = YES;
				CLANG_WARN_INT_CONVERSION = YES;
				CLANG_WARN_NON_LITERAL_NULL_CONVERSION = YES;
				CLANG_WARN_OBJC_IMPLICIT_RETAIN_SELF = YES;
				CLANG_WARN_OBJC_LITERAL_CONVERSION = YES;
				CLANG_WARN_OBJC_ROOT_CLASS = YES_ERROR;
				CLANG_WARN_QUOTED_INCLUDE_IN_FRAMEWORK_HEADER = YES;
				CLANG_WARN_RANGE_LOOP_ANALYSIS = YES;
				CLANG_WARN_STRICT_PROTOTYPES = YES;
				CLANG_WARN_SUSPICIOUS_MOVE = YES;
				CLANG_WARN_UNGUARDED_AVAILABILITY = YES_AGGRESSIVE;
				CLANG_WARN_UNREACHABLE_CODE = YES;
				CLANG_WARN__DUPLICATE_METHOD_MATCH = YES;
				COPY_PHASE_STRIP = NO;
				DEBUG_INFORMATION_FORMAT = dwarf;
				ENABLE_STRICT_OBJC_MSGSEND = YES;
				ENABLE_TESTABILITY = YES;
				GCC_C_LANGUAGE_STANDARD = gnu11;
				GCC_DYNAMIC_NO_PIC = NO;
				GCC_NO_COMMON_BLOCKS = YES;
				GCC_OPTIMIZATION_LEVEL = 0;
				GCC_PREPROCESSOR_DEFINITIONS = (
					"DEBUG=1",
					"$(inherited)",
				);
				GCC_WARN_64_TO_32_BIT_CONVERSION = YES;
				GCC_WARN_ABOUT_RETURN_TYPE = YES_ERROR;
				GCC_WARN_UNDECLARED_SELECTOR = YES;
				GCC_WARN_UNINITIALIZED_AUTOS = YES_AGGRESSIVE;
				GCC_WARN_UNUSED_FUNCTION = YES;
				GCC_WARN_UNUSED_VARIABLE = YES;
				IPHONEOS_DEPLOYMENT_TARGET = 16.4;
				MTL_ENABLE_DEBUG_INFO = INCLUDE_SOURCE;
				MTL_FAST_MATH = YES;
				ONLY_ACTIVE_ARCH = YES;
				SDKROOT = iphoneos;
				SWIFT_ACTIVE_COMPILATION_CONDITIONS = DEBUG;
				SWIFT_OPTIMIZATION_LEVEL = "-Onone";
			};
			name = Debug;
		};
		673B2ABD2A3E59B600E3F2D6 /* Release */ = {
			isa = XCBuildConfiguration;
			buildSettings = {
				ALWAYS_SEARCH_USER_PATHS = NO;
				CLANG_ANALYZER_NONNULL = YES;
				CLANG_ANALYZER_NUMBER_OBJECT_CONVERSION = YES_AGGRESSIVE;
				CLANG_CXX_LANGUAGE_STANDARD = "gnu++20";
				CLANG_ENABLE_MODULES = YES;
				CLANG_ENABLE_OBJC_ARC = YES;
				CLANG_ENABLE_OBJC_WEAK = YES;
				CLANG_WARN_BLOCK_CAPTURE_AUTORELEASING = YES;
				CLANG_WARN_BOOL_CONVERSION = YES;
				CLANG_WARN_COMMA = YES;
				CLANG_WARN_CONSTANT_CONVERSION = YES;
				CLANG_WARN_DEPRECATED_OBJC_IMPLEMENTATIONS = YES;
				CLANG_WARN_DIRECT_OBJC_ISA_USAGE = YES_ERROR;
				CLANG_WARN_DOCUMENTATION_COMMENTS = YES;
				CLANG_WARN_EMPTY_BODY = YES;
				CLANG_WARN_ENUM_CONVERSION = YES;
				CLANG_WARN_INFINITE_RECURSION = YES;
				CLANG_WARN_INT_CONVERSION = YES;
				CLANG_WARN_NON_LITERAL_NULL_CONVERSION = YES;
				CLANG_WARN_OBJC_IMPLICIT_RETAIN_SELF = YES;
				CLANG_WARN_OBJC_LITERAL_CONVERSION = YES;
				CLANG_WARN_OBJC_ROOT_CLASS = YES_ERROR;
				CLANG_WARN_QUOTED_INCLUDE_IN_FRAMEWORK_HEADER = YES;
				CLANG_WARN_RANGE_LOOP_ANALYSIS = YES;
				CLANG_WARN_STRICT_PROTOTYPES = YES;
				CLANG_WARN_SUSPICIOUS_MOVE = YES;
				CLANG_WARN_UNGUARDED_AVAILABILITY = YES_AGGRESSIVE;
				CLANG_WARN_UNREACHABLE_CODE = YES;
				CLANG_WARN__DUPLICATE_METHOD_MATCH = YES;
				COPY_PHASE_STRIP = NO;
				DEBUG_INFORMATION_FORMAT = "dwarf-with-dsym";
				ENABLE_NS_ASSERTIONS = NO;
				ENABLE_STRICT_OBJC_MSGSEND = YES;
				GCC_C_LANGUAGE_STANDARD = gnu11;
				GCC_NO_COMMON_BLOCKS = YES;
				GCC_WARN_64_TO_32_BIT_CONVERSION = YES;
				GCC_WARN_ABOUT_RETURN_TYPE = YES_ERROR;
				GCC_WARN_UNDECLARED_SELECTOR = YES;
				GCC_WARN_UNINITIALIZED_AUTOS = YES_AGGRESSIVE;
				GCC_WARN_UNUSED_FUNCTION = YES;
				GCC_WARN_UNUSED_VARIABLE = YES;
				IPHONEOS_DEPLOYMENT_TARGET = 16.4;
				MTL_ENABLE_DEBUG_INFO = NO;
				MTL_FAST_MATH = YES;
				SDKROOT = iphoneos;
				SWIFT_COMPILATION_MODE = wholemodule;
				SWIFT_OPTIMIZATION_LEVEL = "-O";
				VALIDATE_PRODUCT = YES;
			};
			name = Release;
		};
		673B2ABF2A3E59B600E3F2D6 /* Debug */ = {
			isa = XCBuildConfiguration;
			buildSettings = {
				ASSETCATALOG_COMPILER_APPICON_NAME = AppIcon;
				ASSETCATALOG_COMPILER_GLOBAL_ACCENT_COLOR_NAME = AccentColor;
				CODE_SIGN_STYLE = Automatic;
				CURRENT_PROJECT_VERSION = 1;
				DEVELOPMENT_ASSET_PATHS = "\"Recipe Finder/Preview Content\"";
				DEVELOPMENT_TEAM = VNU8KKW4GG;
				ENABLE_PREVIEWS = YES;
				GENERATE_INFOPLIST_FILE = YES;
				INFOPLIST_KEY_LSApplicationCategoryType = "public.app-category.food-and-drink";
				INFOPLIST_KEY_UIApplicationSceneManifest_Generation = YES;
				INFOPLIST_KEY_UIApplicationSupportsIndirectInputEvents = YES;
				INFOPLIST_KEY_UILaunchScreen_Generation = YES;
				INFOPLIST_KEY_UISupportedInterfaceOrientations_iPad = "UIInterfaceOrientationPortrait UIInterfaceOrientationPortraitUpsideDown UIInterfaceOrientationLandscapeLeft UIInterfaceOrientationLandscapeRight";
				INFOPLIST_KEY_UISupportedInterfaceOrientations_iPhone = "UIInterfaceOrientationPortrait UIInterfaceOrientationLandscapeLeft UIInterfaceOrientationLandscapeRight";
				LD_RUNPATH_SEARCH_PATHS = (
					"$(inherited)",
					"@executable_path/Frameworks",
				);
				MARKETING_VERSION = 1.0;
				PRODUCT_BUNDLE_IDENTIFIER = "ua.edu.ukma.stoliarov.Recipe-Finder";
				PRODUCT_NAME = "$(TARGET_NAME)";
				SWIFT_EMIT_LOC_STRINGS = YES;
				SWIFT_VERSION = 5.0;
				TARGETED_DEVICE_FAMILY = "1,2";
			};
			name = Debug;
		};
		673B2AC02A3E59B600E3F2D6 /* Release */ = {
			isa = XCBuildConfiguration;
			buildSettings = {
				ASSETCATALOG_COMPILER_APPICON_NAME = AppIcon;
				ASSETCATALOG_COMPILER_GLOBAL_ACCENT_COLOR_NAME = AccentColor;
				CODE_SIGN_STYLE = Automatic;
				CURRENT_PROJECT_VERSION = 1;
				DEVELOPMENT_ASSET_PATHS = "\"Recipe Finder/Preview Content\"";
				DEVELOPMENT_TEAM = VNU8KKW4GG;
				ENABLE_PREVIEWS = YES;
				GENERATE_INFOPLIST_FILE = YES;
				INFOPLIST_KEY_LSApplicationCategoryType = "public.app-category.food-and-drink";
				INFOPLIST_KEY_UIApplicationSceneManifest_Generation = YES;
				INFOPLIST_KEY_UIApplicationSupportsIndirectInputEvents = YES;
				INFOPLIST_KEY_UILaunchScreen_Generation = YES;
				INFOPLIST_KEY_UISupportedInterfaceOrientations_iPad = "UIInterfaceOrientationPortrait UIInterfaceOrientationPortraitUpsideDown UIInterfaceOrientationLandscapeLeft UIInterfaceOrientationLandscapeRight";
				INFOPLIST_KEY_UISupportedInterfaceOrientations_iPhone = "UIInterfaceOrientationPortrait UIInterfaceOrientationLandscapeLeft UIInterfaceOrientationLandscapeRight";
				LD_RUNPATH_SEARCH_PATHS = (
					"$(inherited)",
					"@executable_path/Frameworks",
				);
				MARKETING_VERSION = 1.0;
				PRODUCT_BUNDLE_IDENTIFIER = "ua.edu.ukma.stoliarov.Recipe-Finder";
				PRODUCT_NAME = "$(TARGET_NAME)";
				SWIFT_EMIT_LOC_STRINGS = YES;
				SWIFT_VERSION = 5.0;
				TARGETED_DEVICE_FAMILY = "1,2";
			};
			name = Release;
		};
		673B2AC22A3E59B600E3F2D6 /* Debug */ = {
			isa = XCBuildConfiguration;
			buildSettings = {
				ALWAYS_EMBED_SWIFT_STANDARD_LIBRARIES = YES;
				BUNDLE_LOADER = "$(TEST_HOST)";
				"CODE_SIGN_IDENTITY[sdk=macosx*]" = "Apple Development";
				CODE_SIGN_STYLE = Automatic;
				CURRENT_PROJECT_VERSION = 1;
				DEVELOPMENT_TEAM = VNU8KKW4GG;
				GENERATE_INFOPLIST_FILE = YES;
				IPHONEOS_DEPLOYMENT_TARGET = 16.4;
				MARKETING_VERSION = 1.0;
				PRODUCT_BUNDLE_IDENTIFIER = "ua.edu.ukma.stoliarov.Recipe-FinderTests";
				PRODUCT_NAME = "$(TARGET_NAME)";
				SWIFT_EMIT_LOC_STRINGS = NO;
				SWIFT_VERSION = 5.0;
				TARGETED_DEVICE_FAMILY = "1,2";
				TEST_HOST = "$(BUILT_PRODUCTS_DIR)/Recipe Finder.app/$(BUNDLE_EXECUTABLE_FOLDER_PATH)/Recipe Finder";
			};
			name = Debug;
		};
		673B2AC32A3E59B600E3F2D6 /* Release */ = {
			isa = XCBuildConfiguration;
			buildSettings = {
				ALWAYS_EMBED_SWIFT_STANDARD_LIBRARIES = YES;
				BUNDLE_LOADER = "$(TEST_HOST)";
				"CODE_SIGN_IDENTITY[sdk=macosx*]" = "Apple Development";
				CODE_SIGN_STYLE = Automatic;
				CURRENT_PROJECT_VERSION = 1;
				DEVELOPMENT_TEAM = VNU8KKW4GG;
				GENERATE_INFOPLIST_FILE = YES;
				IPHONEOS_DEPLOYMENT_TARGET = 16.4;
				MARKETING_VERSION = 1.0;
				PRODUCT_BUNDLE_IDENTIFIER = "ua.edu.ukma.stoliarov.Recipe-FinderTests";
				PRODUCT_NAME = "$(TARGET_NAME)";
				SWIFT_EMIT_LOC_STRINGS = NO;
				SWIFT_VERSION = 5.0;
				TARGETED_DEVICE_FAMILY = "1,2";
				TEST_HOST = "$(BUILT_PRODUCTS_DIR)/Recipe Finder.app/$(BUNDLE_EXECUTABLE_FOLDER_PATH)/Recipe Finder";
			};
			name = Release;
		};
		673B2AC52A3E59B600E3F2D6 /* Debug */ = {
			isa = XCBuildConfiguration;
			buildSettings = {
				ALWAYS_EMBED_SWIFT_STANDARD_LIBRARIES = YES;
				CODE_SIGN_STYLE = Automatic;
				CURRENT_PROJECT_VERSION = 1;
				DEVELOPMENT_TEAM = VNU8KKW4GG;
				GENERATE_INFOPLIST_FILE = YES;
				MARKETING_VERSION = 1.0;
				PRODUCT_BUNDLE_IDENTIFIER = "ua.edu.ukma.stoliarov.Recipe-FinderUITests";
				PRODUCT_NAME = "$(TARGET_NAME)";
				SWIFT_EMIT_LOC_STRINGS = NO;
				SWIFT_VERSION = 5.0;
				TARGETED_DEVICE_FAMILY = "1,2";
				TEST_TARGET_NAME = "Recipe Finder";
			};
			name = Debug;
		};
		673B2AC62A3E59B600E3F2D6 /* Release */ = {
			isa = XCBuildConfiguration;
			buildSettings = {
				ALWAYS_EMBED_SWIFT_STANDARD_LIBRARIES = YES;
				CODE_SIGN_STYLE = Automatic;
				CURRENT_PROJECT_VERSION = 1;
				DEVELOPMENT_TEAM = VNU8KKW4GG;
				GENERATE_INFOPLIST_FILE = YES;
				MARKETING_VERSION = 1.0;
				PRODUCT_BUNDLE_IDENTIFIER = "ua.edu.ukma.stoliarov.Recipe-FinderUITests";
				PRODUCT_NAME = "$(TARGET_NAME)";
				SWIFT_EMIT_LOC_STRINGS = NO;
				SWIFT_VERSION = 5.0;
				TARGETED_DEVICE_FAMILY = "1,2";
				TEST_TARGET_NAME = "Recipe Finder";
			};
			name = Release;
		};
/* End XCBuildConfiguration section */

/* Begin XCConfigurationList section */
		673B2A952A3E59B500E3F2D6 /* Build configuration list for PBXProject "Recipe Finder" */ = {
			isa = XCConfigurationList;
			buildConfigurations = (
				673B2ABC2A3E59B600E3F2D6 /* Debug */,
				673B2ABD2A3E59B600E3F2D6 /* Release */,
			);
			defaultConfigurationIsVisible = 0;
			defaultConfigurationName = Release;
		};
		673B2ABE2A3E59B600E3F2D6 /* Build configuration list for PBXNativeTarget "Recipe Finder" */ = {
			isa = XCConfigurationList;
			buildConfigurations = (
				673B2ABF2A3E59B600E3F2D6 /* Debug */,
				673B2AC02A3E59B600E3F2D6 /* Release */,
			);
			defaultConfigurationIsVisible = 0;
			defaultConfigurationName = Release;
		};
		673B2AC12A3E59B600E3F2D6 /* Build configuration list for PBXNativeTarget "Recipe FinderTests" */ = {
			isa = XCConfigurationList;
			buildConfigurations = (
				673B2AC22A3E59B600E3F2D6 /* Debug */,
				673B2AC32A3E59B600E3F2D6 /* Release */,
			);
			defaultConfigurationIsVisible = 0;
			defaultConfigurationName = Release;
		};
		673B2AC42A3E59B600E3F2D6 /* Build configuration list for PBXNativeTarget "Recipe FinderUITests" */ = {
			isa = XCConfigurationList;
			buildConfigurations = (
				673B2AC52A3E59B600E3F2D6 /* Debug */,
				673B2AC62A3E59B600E3F2D6 /* Release */,
			);
			defaultConfigurationIsVisible = 0;
			defaultConfigurationName = Release;
		};
/* End XCConfigurationList section */
	};
	rootObject = 673B2A922A3E59B500E3F2D6 /* Project object */;
}
